
Microsoft Visual Studio Solution File, Format Version 12.00
# Visual Studio Version 17
VisualStudioVersion = 17.3.32929.385
MinimumVisualStudioVersion = 10.0.40219.1
Project("{9A19103F-16F7-4668-BE54-9A1E7A4F7556}") = "ScanerLibrary", "ScanerLibrary\ScanerLibrary.csproj", "{B534723C-BF4A-47CD-AFA5-BEC641ED8470}"
EndProject
Project("{9A19103F-16F7-4668-BE54-9A1E7A4F7556}") = "Scaner_UI", "Scaner_UI\Scaner_UI.csproj", "{5B1E4A23-FBBC-47F2-A20F-F9AFDE786907}"
EndProject
Project("{FAE04EC0-301F-11D3-BF4B-00C04F79EFBC}") = "ScanerTests", "ScanerTests\ScanerTests.csproj", "{5FF50ADE-9981-456D-AC87-D3F3A0CDC952}"
EndProject
Global
	GlobalSection(SolutionConfigurationPlatforms) = preSolution
		Debug|Any CPU = Debug|Any CPU
		Release|Any CPU = Release|Any CPU
	EndGlobalSection
	GlobalSection(ProjectConfigurationPlatforms) = postSolution
		{B534723C-BF4A-47CD-AFA5-BEC641ED8470}.Debug|Any CPU.ActiveCfg = Debug|Any CPU
		{B534723C-BF4A-47CD-AFA5-BEC641ED8470}.Debug|Any CPU.Build.0 = Debug|Any CPU
		{B534723C-BF4A-47CD-AFA5-BEC641ED8470}.Release|Any CPU.ActiveCfg = Release|Any CPU
		{B534723C-BF4A-47CD-AFA5-BEC641ED8470}.Release|Any CPU.Build.0 = Release|Any CPU
		{5B1E4A23-FBBC-47F2-A20F-F9AFDE786907}.Debug|Any CPU.ActiveCfg = Debug|Any CPU
		{5B1E4A23-FBBC-47F2-A20F-F9AFDE786907}.Debug|Any CPU.Build.0 = Debug|Any CPU
		{5B1E4A23-FBBC-47F2-A20F-F9AFDE786907}.Release|Any CPU.ActiveCfg = Release|Any CPU
		{5B1E4A23-FBBC-47F2-A20F-F9AFDE786907}.Release|Any CPU.Build.0 = Release|Any CPU
		{5FF50ADE-9981-456D-AC87-D3F3A0CDC952}.Debug|Any CPU.ActiveCfg = Debug|Any CPU
		{5FF50ADE-9981-456D-AC87-D3F3A0CDC952}.Debug|Any CPU.Build.0 = Debug|Any CPU
		{5FF50ADE-9981-456D-AC87-D3F3A0CDC952}.Release|Any CPU.ActiveCfg = Release|Any CPU
		{5FF50ADE-9981-456D-AC87-D3F3A0CDC952}.Release|Any CPU.Build.0 = Release|Any CPU
	EndGlobalSection
	GlobalSection(SolutionProperties) = preSolution
		HideSolutionNode = FALSE
	EndGlobalSection
	GlobalSection(ExtensibilityGlobals) = postSolution
		SolutionGuid = {6EAA6DD9-392F-4293-99BB-E71F5D0DF6F5}
	EndGlobalSection
EndGlobal
